
Microsoft Visual Studio Solution File, Format Version 12.00
# Visual Studio Version 16
VisualStudioVersion = 16.0.31005.135
MinimumVisualStudioVersion = 10.0.40219.1
Project("{FAE04EC0-301F-11D3-BF4B-00C04F79EFBC}") = "DiskSpeedMark", "DiskSpeedMark\DiskSpeedMark.csproj", "{22AFD7AE-B892-4D7E-85CC-87BEA7A0C90A}"
EndProject
Global
	GlobalSection(SolutionConfigurationPlatforms) = preSolution
		Debug|Any CPU = Debug|Any CPU
		Release|Any CPU = Release|Any CPU
	EndGlobalSection
	GlobalSection(ProjectConfigurationPlatforms) = postSolution
		{22AFD7AE-B892-4D7E-85CC-87BEA7A0C90A}.Debug|Any CPU.ActiveCfg = Debug|Any CPU
		{22AFD7AE-B892-4D7E-85CC-87BEA7A0C90A}.Debug|Any CPU.Build.0 = Debug|Any CPU
		{22AFD7AE-B892-4D7E-85CC-87BEA7A0C90A}.Release|Any CPU.ActiveCfg = Release|Any CPU
		{22AFD7AE-B892-4D7E-85CC-87BEA7A0C90A}.Release|Any CPU.Build.0 = Release|Any CPU
	EndGlobalSection
	GlobalSection(SolutionProperties) = preSolution
		HideSolutionNode = FALSE
	EndGlobalSection
	GlobalSection(ExtensibilityGlobals) = postSolution
		SolutionGuid = {8430792B-ED03-4C8E-B79E-8DB9309A6333}
	EndGlobalSection
EndGlobal
